// !$*UTF8*$!
{
	archiveVersion = 1;
	classes = {
	};
	objectVersion = 46;
	objects = {

/* Begin PBXBuildFile section */
		F5B44FDE1F69442D0061B432 /* JKOneController.m in Sources */ = {isa = PBXBuildFile; fileRef = F5B44FDD1F69442D0061B432 /* JKOneController.m */; };
		F5B44FE11F69443E0061B432 /* JKTwoController.m in Sources */ = {isa = PBXBuildFile; fileRef = F5B44FE01F69443E0061B432 /* JKTwoController.m */; };
		F5B44FE41F69444D0061B432 /* JKThreeController.m in Sources */ = {isa = PBXBuildFile; fileRef = F5B44FE31F69444D0061B432 /* JKThreeController.m */; };
		F5B44FE71F6952090061B432 /* JKSliderView.m in Sources */ = {isa = PBXBuildFile; fileRef = F5B44FE61F6952090061B432 /* JKSliderView.m */; };
		F5BC4E551F6569AA00FD8484 /* main.m in Sources */ = {isa = PBXBuildFile; fileRef = F5BC4E541F6569AA00FD8484 /* main.m */; };
		F5BC4E581F6569AA00FD8484 /* AppDelegate.m in Sources */ = {isa = PBXBuildFile; fileRef = F5BC4E571F6569AA00FD8484 /* AppDelegate.m */; };
		F5BC4E5B1F6569AA00FD8484 /* ViewController.m in Sources */ = {isa = PBXBuildFile; fileRef = F5BC4E5A1F6569AA00FD8484 /* ViewController.m */; };
		F5BC4E5E1F6569AA00FD8484 /* Main.storyboard in Resources */ = {isa = PBXBuildFile; fileRef = F5BC4E5C1F6569AA00FD8484 /* Main.storyboard */; };
		F5BC4E601F6569AA00FD8484 /* Assets.xcassets in Resources */ = {isa = PBXBuildFile; fileRef = F5BC4E5F1F6569AA00FD8484 /* Assets.xcassets */; };
		F5BC4E631F6569AA00FD8484 /* LaunchScreen.storyboard in Resources */ = {isa = PBXBuildFile; fileRef = F5BC4E611F6569AA00FD8484 /* LaunchScreen.storyboard */; };
		F5BC4E701F6596CD00FD8484 /* RecognizerScrollView.m in Sources */ = {isa = PBXBuildFile; fileRef = F5BC4E6F1F6596CD00FD8484 /* RecognizerScrollView.m */; };
		F5BC4E731F65A19100FD8484 /* UIColor+Hex.m in Sources */ = {isa = PBXBuildFile; fileRef = F5BC4E721F65A19100FD8484 /* UIColor+Hex.m */; };
/* End PBXBuildFile section */

/* Begin PBXFileReference section */
		F5B44FDC1F69442D0061B432 /* JKOneController.h */ = {isa = PBXFileReference; fileEncoding = 4; lastKnownFileType = sourcecode.c.h; path = JKOneController.h; sourceTree = "<group>"; };
		F5B44FDD1F69442D0061B432 /* JKOneController.m */ = {isa = PBXFileReference; fileEncoding = 4; lastKnownFileType = sourcecode.c.objc; path = JKOneController.m; sourceTree = "<group>"; };
		F5B44FDF1F69443E0061B432 /* JKTwoController.h */ = {isa = PBXFileReference; fileEncoding = 4; lastKnownFileType = sourcecode.c.h; path = JKTwoController.h; sourceTree = "<group>"; };
		F5B44FE01F69443E0061B432 /* JKTwoController.m */ = {isa = PBXFileReference; fileEncoding = 4; lastKnownFileType = sourcecode.c.objc; path = JKTwoController.m; sourceTree = "<group>"; };
		F5B44FE21F69444D0061B432 /* JKThreeController.h */ = {isa = PBXFileReference; fileEncoding = 4; lastKnownFileType = sourcecode.c.h; path = JKThreeController.h; sourceTree = "<group>"; };
		F5B44FE31F69444D0061B432 /* JKThreeController.m */ = {isa = PBXFileReference; fileEncoding = 4; lastKnownFileType = sourcecode.c.objc; path = JKThreeController.m; sourceTree = "<group>"; };
		F5B44FE51F6952090061B432 /* JKSliderView.h */ = {isa = PBXFileReference; fileEncoding = 4; lastKnownFileType = sourcecode.c.h; path = JKSliderView.h; sourceTree = "<group>"; };
		F5B44FE61F6952090061B432 /* JKSliderView.m */ = {isa = PBXFileReference; fileEncoding = 4; lastKnownFileType = sourcecode.c.objc; path = JKSliderView.m; sourceTree = "<group>"; };
		F5BC4E501F6569AA00FD8484 /* JKSliderView.app */ = {isa = PBXFileReference; explicitFileType = wrapper.application; includeInIndex = 0; path = JKSliderView.app; sourceTree = BUILT_PRODUCTS_DIR; };
		F5BC4E541F6569AA00FD8484 /* main.m */ = {isa = PBXFileReference; lastKnownFileType = sourcecode.c.objc; path = main.m; sourceTree = "<group>"; };
		F5BC4E561F6569AA00FD8484 /* AppDelegate.h */ = {isa = PBXFileReference; lastKnownFileType = sourcecode.c.h; path = AppDelegate.h; sourceTree = "<group>"; };
		F5BC4E571F6569AA00FD8484 /* AppDelegate.m */ = {isa = PBXFileReference; lastKnownFileType = sourcecode.c.objc; path = AppDelegate.m; sourceTree = "<group>"; };
		F5BC4E591F6569AA00FD8484 /* ViewController.h */ = {isa = PBXFileReference; lastKnownFileType = sourcecode.c.h; path = ViewController.h; sourceTree = "<group>"; };
		F5BC4E5A1F6569AA00FD8484 /* ViewController.m */ = {isa = PBXFileReference; lastKnownFileType = sourcecode.c.objc; path = ViewController.m; sourceTree = "<group>"; };
		F5BC4E5D1F6569AA00FD8484 /* Base */ = {isa = PBXFileReference; lastKnownFileType = file.storyboard; name = Base; path = Base.lproj/Main.storyboard; sourceTree = "<group>"; };
		F5BC4E5F1F6569AA00FD8484 /* Assets.xcassets */ = {isa = PBXFileReference; lastKnownFileType = folder.assetcatalog; path = Assets.xcassets; sourceTree = "<group>"; };
		F5BC4E621F6569AA00FD8484 /* Base */ = {isa = PBXFileReference; lastKnownFileType = file.storyboard; name = Base; path = Base.lproj/LaunchScreen.storyboard; sourceTree = "<group>"; };
		F5BC4E641F6569AA00FD8484 /* Info.plist */ = {isa = PBXFileReference; lastKnownFileType = text.plist.xml; path = Info.plist; sourceTree = "<group>"; };
		F5BC4E6E1F6596CD00FD8484 /* RecognizerScrollView.h */ = {isa = PBXFileReference; fileEncoding = 4; lastKnownFileType = sourcecode.c.h; path = RecognizerScrollView.h; sourceTree = "<group>"; };
		F5BC4E6F1F6596CD00FD8484 /* RecognizerScrollView.m */ = {isa = PBXFileReference; fileEncoding = 4; lastKnownFileType = sourcecode.c.objc; path = RecognizerScrollView.m; sourceTree = "<group>"; };
		F5BC4E711F65A19100FD8484 /* UIColor+Hex.h */ = {isa = PBXFileReference; fileEncoding = 4; lastKnownFileType = sourcecode.c.h; path = "UIColor+Hex.h"; sourceTree = "<group>"; };
		F5BC4E721F65A19100FD8484 /* UIColor+Hex.m */ = {isa = PBXFileReference; fileEncoding = 4; lastKnownFileType = sourcecode.c.objc; path = "UIColor+Hex.m"; sourceTree = "<group>"; };
/* End PBXFileReference section */

/* Begin PBXFrameworksBuildPhase section */
		F5BC4E4D1F6569AA00FD8484 /* Frameworks */ = {
			isa = PBXFrameworksBuildPhase;
			buildActionMask = 2147483647;
			files = (
			);
			runOnlyForDeploymentPostprocessing = 0;
		};
/* End PBXFrameworksBuildPhase section */

/* Begin PBXGroup section */
		F5BC4E471F6569AA00FD8484 = {
			isa = PBXGroup;
			children = (
				F5BC4E521F6569AA00FD8484 /* JKSliderView */,
				F5BC4E511F6569AA00FD8484 /* Products */,
			);
			sourceTree = "<group>";
		};
		F5BC4E511F6569AA00FD8484 /* Products */ = {
			isa = PBXGroup;
			children = (
				F5BC4E501F6569AA00FD8484 /* JKSliderView.app */,
			);
			name = Products;
			sourceTree = "<group>";
		};
		F5BC4E521F6569AA00FD8484 /* JKSliderView */ = {
			isa = PBXGroup;
			children = (
				F5BC4E6A1F6569C800FD8484 /* JKSliderView */,
				F5BC4E561F6569AA00FD8484 /* AppDelegate.h */,
				F5BC4E571F6569AA00FD8484 /* AppDelegate.m */,
				F5BC4E591F6569AA00FD8484 /* ViewController.h */,
				F5BC4E5A1F6569AA00FD8484 /* ViewController.m */,
				F5BC4E5C1F6569AA00FD8484 /* Main.storyboard */,
				F5BC4E5F1F6569AA00FD8484 /* Assets.xcassets */,
				F5BC4E611F6569AA00FD8484 /* LaunchScreen.storyboard */,
				F5BC4E641F6569AA00FD8484 /* Info.plist */,
				F5BC4E531F6569AA00FD8484 /* Supporting Files */,
				F5B44FDC1F69442D0061B432 /* JKOneController.h */,
				F5B44FDD1F69442D0061B432 /* JKOneController.m */,
				F5B44FDF1F69443E0061B432 /* JKTwoController.h */,
				F5B44FE01F69443E0061B432 /* JKTwoController.m */,
				F5B44FE21F69444D0061B432 /* JKThreeController.h */,
				F5B44FE31F69444D0061B432 /* JKThreeController.m */,
			);
			path = JKSliderView;
			sourceTree = "<group>";
		};
		F5BC4E531F6569AA00FD8484 /* Supporting Files */ = {
			isa = PBXGroup;
			children = (
				F5BC4E541F6569AA00FD8484 /* main.m */,
			);
			name = "Supporting Files";
			sourceTree = "<group>";
		};
		F5BC4E6A1F6569C800FD8484 /* JKSliderView */ = {
			isa = PBXGroup;
			children = (
				F5BC4E6E1F6596CD00FD8484 /* RecognizerScrollView.h */,
				F5BC4E6F1F6596CD00FD8484 /* RecognizerScrollView.m */,
				F5BC4E711F65A19100FD8484 /* UIColor+Hex.h */,
				F5BC4E721F65A19100FD8484 /* UIColor+Hex.m */,
				F5B44FE51F6952090061B432 /* JKSliderView.h */,
				F5B44FE61F6952090061B432 /* JKSliderView.m */,
			);
			path = JKSliderView;
			sourceTree = "<group>";
		};
/* End PBXGroup section */

/* Begin PBXNativeTarget section */
		F5BC4E4F1F6569AA00FD8484 /* JKSliderView */ = {
			isa = PBXNativeTarget;
			buildConfigurationList = F5BC4E671F6569AA00FD8484 /* Build configuration list for PBXNativeTarget "JKSliderView" */;
			buildPhases = (
				F5BC4E4C1F6569AA00FD8484 /* Sources */,
				F5BC4E4D1F6569AA00FD8484 /* Frameworks */,
				F5BC4E4E1F6569AA00FD8484 /* Resources */,
			);
			buildRules = (
			);
			dependencies = (
			);
			name = JKSliderView;
			productName = JKSliderView;
			productReference = F5BC4E501F6569AA00FD8484 /* JKSliderView.app */;
			productType = "com.apple.product-type.application";
		};
/* End PBXNativeTarget section */

/* Begin PBXProject section */
		F5BC4E481F6569AA00FD8484 /* Project object */ = {
			isa = PBXProject;
			attributes = {
				LastUpgradeCheck = 0830;
				ORGANIZATIONNAME = Jakin;
				TargetAttributes = {
					F5BC4E4F1F6569AA00FD8484 = {
						CreatedOnToolsVersion = 8.3.3;
						ProvisioningStyle = Automatic;
					};
				};
			};
			buildConfigurationList = F5BC4E4B1F6569AA00FD8484 /* Build configuration list for PBXProject "JKSliderView" */;
			compatibilityVersion = "Xcode 3.2";
			developmentRegion = English;
			hasScannedForEncodings = 0;
			knownRegions = (
				en,
				Base,
			);
			mainGroup = F5BC4E471F6569AA00FD8484;
			productRefGroup = F5BC4E511F6569AA00FD8484 /* Products */;
			projectDirPath = "";
			projectRoot = "";
			targets = (
				F5BC4E4F1F6569AA00FD8484 /* JKSliderView */,
			);
		};
/* End PBXProject section */

/* Begin PBXResourcesBuildPhase section */
		F5BC4E4E1F6569AA00FD8484 /* Resources */ = {
			isa = PBXResourcesBuildPhase;
			buildActionMask = 2147483647;
			files = (
				F5BC4E631F6569AA00FD8484 /* LaunchScreen.storyboard in Resources */,
				F5BC4E601F6569AA00FD8484 /* Assets.xcassets in Resources */,
				F5BC4E5E1F6569AA00FD8484 /* Main.storyboard in Resources */,
			);
			runOnlyForDeploymentPostprocessing = 0;
		};
/* End PBXResourcesBuildPhase section */

/* Begin PBXSourcesBuildPhase section */
		F5BC4E4C1F6569AA00FD8484 /* Sources */ = {
			isa = PBXSourcesBuildPhase;
			buildActionMask = 2147483647;
			files = (
				F5B44FE41F69444D0061B432 /* JKThreeController.m in Sources */,
				F5B44FDE1F69442D0061B432 /* JKOneController.m in Sources */,
				F5BC4E701F6596CD00FD8484 /* RecognizerScrollView.m in Sources */,
				F5BC4E731F65A19100FD8484 /* UIColor+Hex.m in Sources */,
				F5B44FE71F6952090061B432 /* JKSliderView.m in Sources */,
				F5BC4E5B1F6569AA00FD8484 /* ViewController.m in Sources */,
				F5BC4E581F6569AA00FD8484 /* AppDelegate.m in Sources */,
				F5BC4E551F6569AA00FD8484 /* main.m in Sources */,
				F5B44FE11F69443E0061B432 /* JKTwoController.m in Sources */,
			);
			runOnlyForDeploymentPostprocessing = 0;
		};
/* End PBXSourcesBuildPhase section */

/* Begin PBXVariantGroup section */
		F5BC4E5C1F6569AA00FD8484 /* Main.storyboard */ = {
			isa = PBXVariantGroup;
			children = (
				F5BC4E5D1F6569AA00FD8484 /* Base */,
			);
			name = Main.storyboard;
			sourceTree = "<group>";
		};
		F5BC4E611F6569AA00FD8484 /* LaunchScreen.storyboard */ = {
			isa = PBXVariantGroup;
			children = (
				F5BC4E621F6569AA00FD8484 /* Base */,
			);
			name = LaunchScreen.storyboard;
			sourceTree = "<group>";
		};
/* End PBXVariantGroup section */

/* Begin XCBuildConfiguration section */
		F5BC4E651F6569AA00FD8484 /* Debug */ = {
			isa = XCBuildConfiguration;
			buildSettings = {
				ALWAYS_SEARCH_USER_PATHS = NO;
				CLANG_ANALYZER_NONNULL = YES;
				CLANG_ANALYZER_NUMBER_OBJECT_CONVERSION = YES_AGGRESSIVE;
				CLANG_CXX_LANGUAGE_STANDARD = "gnu++0x";
				CLANG_CXX_LIBRARY = "libc++";
				CLANG_ENABLE_MODULES = YES;
				CLANG_ENABLE_OBJC_ARC = YES;
				CLANG_WARN_BOOL_CONVERSION = YES;
				CLANG_WARN_CONSTANT_CONVERSION = YES;
				CLANG_WARN_DIRECT_OBJC_ISA_USAGE = YES_ERROR;
				CLANG_WARN_DOCUMENTATION_COMMENTS = YES;
				CLANG_WARN_EMPTY_BODY = YES;
				CLANG_WARN_ENUM_CONVERSION = YES;
				CLANG_WARN_INFINITE_RECURSION = YES;
				CLANG_WARN_INT_CONVERSION = YES;
				CLANG_WARN_OBJC_ROOT_CLASS = YES_ERROR;
				CLANG_WARN_SUSPICIOUS_MOVE = YES;
				CLANG_WARN_UNREACHABLE_CODE = YES;
				CLANG_WARN__DUPLICATE_METHOD_MATCH = YES;
				"CODE_SIGN_IDENTITY[sdk=iphoneos*]" = "iPhone Developer";
				COPY_PHASE_STRIP = NO;
				DEBUG_INFORMATION_FORMAT = dwarf;
				ENABLE_STRICT_OBJC_MSGSEND = YES;
				ENABLE_TESTABILITY = YES;
				GCC_C_LANGUAGE_STANDARD = gnu99;
				GCC_DYNAMIC_NO_PIC = NO;
				GCC_NO_COMMON_BLOCKS = YES;
				GCC_OPTIMIZATION_LEVEL = 0;
				GCC_PREPROCESSOR_DEFINITIONS = (
					"DEBUG=1",
					"$(inherited)",
				);
				GCC_WARN_64_TO_32_BIT_CONVERSION = YES;
				GCC_WARN_ABOUT_RETURN_TYPE = YES_ERROR;
				GCC_WARN_UNDECLARED_SELECTOR = YES;
				GCC_WARN_UNINITIALIZED_AUTOS = YES_AGGRESSIVE;
				GCC_WARN_UNUSED_FUNCTION = YES;
				GCC_WARN_UNUSED_VARIABLE = YES;
				IPHONEOS_DEPLOYMENT_TARGET = 10.3;
				MTL_ENABLE_DEBUG_INFO = YES;
				ONLY_ACTIVE_ARCH = YES;
				SDKROOT = iphoneos;
				TARGETED_DEVICE_FAMILY = "1,2";
			};
			name = Debug;
		};
		F5BC4E661F6569AA00FD8484 /* Release */ = {
			isa = XCBuildConfiguration;
			buildSettings = {
				ALWAYS_SEARCH_USER_PATHS = NO;
				CLANG_ANALYZER_NONNULL = YES;
				CLANG_ANALYZER_NUMBER_OBJECT_CONVERSION = YES_AGGRESSIVE;
				CLANG_CXX_LANGUAGE_STANDARD = "gnu++0x";
				CLANG_CXX_LIBRARY = "libc++";
				CLANG_ENABLE_MODULES = YES;
				CLANG_ENABLE_OBJC_ARC = YES;
				CLANG_WARN_BOOL_CONVERSION = YES;
				CLANG_WARN_CONSTANT_CONVERSION = YES;
				CLANG_WARN_DIRECT_OBJC_ISA_USAGE = YES_ERROR;
				CLANG_WARN_DOCUMENTATION_COMMENTS = YES;
				CLANG_WARN_EMPTY_BODY = YES;
				CLANG_WARN_ENUM_CONVERSION = YES;
				CLANG_WARN_INFINITE_RECURSION = YES;
				CLANG_WARN_INT_CONVERSION = YES;
				CLANG_WARN_OBJC_ROOT_CLASS = YES_ERROR;
				CLANG_WARN_SUSPICIOUS_MOVE = YES;
				CLANG_WARN_UNREACHABLE_CODE = YES;
				CLANG_WARN__DUPLICATE_METHOD_MATCH = YES;
				"CODE_SIGN_IDENTITY[sdk=iphoneos*]" = "iPhone Developer";
				COPY_PHASE_STRIP = NO;
				DEBUG_INFORMATION_FORMAT = "dwarf-with-dsym";
				ENABLE_NS_ASSERTIONS = NO;
				ENABLE_STRICT_OBJC_MSGSEND = YES;
				GCC_C_LANGUAGE_STANDARD = gnu99;
				GCC_NO_COMMON_BLOCKS = YES;
				GCC_WARN_64_TO_32_BIT_CONVERSION = YES;
				GCC_WARN_ABOUT_RETURN_TYPE = YES_ERROR;
				GCC_WARN_UNDECLARED_SELECTOR = YES;
				GCC_WARN_UNINITIALIZED_AUTOS = YES_AGGRESSIVE;
				GCC_WARN_UNUSED_FUNCTION = YES;
				GCC_WARN_UNUSED_VARIABLE = YES;
				IPHONEOS_DEPLOYMENT_TARGET = 10.3;
				MTL_ENABLE_DEBUG_INFO = NO;
				SDKROOT = iphoneos;
				TARGETED_DEVICE_FAMILY = "1,2";
				VALIDATE_PRODUCT = YES;
			};
			name = Release;
		};
		F5BC4E681F6569AA00FD8484 /* Debug */ = {
			isa = XCBuildConfiguration;
			buildSettings = {
				ASSETCATALOG_COMPILER_APPICON_NAME = AppIcon;
				INFOPLIST_FILE = JKSliderView/Info.plist;
				LD_RUNPATH_SEARCH_PATHS = "$(inherited) @executable_path/Frameworks";
				PRODUCT_BUNDLE_IDENTIFIER = com.Jakin.JKSliderView;
				PRODUCT_NAME = "$(TARGET_NAME)";
			};
			name = Debug;
		};
		F5BC4E691F6569AA00FD8484 /* Release */ = {
			isa = XCBuildConfiguration;
			buildSettings = {
				ASSETCATALOG_COMPILER_APPICON_NAME = AppIcon;
				INFOPLIST_FILE = JKSliderView/Info.plist;
				LD_RUNPATH_SEARCH_PATHS = "$(inherited) @executable_path/Frameworks";
				PRODUCT_BUNDLE_IDENTIFIER = com.Jakin.JKSliderView;
				PRODUCT_NAME = "$(TARGET_NAME)";
			};
			name = Release;
		};
/* End XCBuildConfiguration section */

/* Begin XCConfigurationList section */
		F5BC4E4B1F6569AA00FD8484 /* Build configuration list for PBXProject "JKSliderView" */ = {
			isa = XCConfigurationList;
			buildConfigurations = (
				F5BC4E651F6569AA00FD8484 /* Debug */,
				F5BC4E661F6569AA00FD8484 /* Release */,
			);
			defaultConfigurationIsVisible = 0;
			defaultConfigurationName = Release;
		};
		F5BC4E671F6569AA00FD8484 /* Build configuration list for PBXNativeTarget "JKSliderView" */ = {
			isa = XCConfigurationList;
			buildConfigurations = (
				F5BC4E681F6569AA00FD8484 /* Debug */,
				F5BC4E691F6569AA00FD8484 /* Release */,
			);
			defaultConfigurationIsVisible = 0;
			defaultConfigurationName = Release;
		};
/* End XCConfigurationList section */
	};
	rootObject = F5BC4E481F6569AA00FD8484 /* Project object */;
}
